
Microsoft Visual Studio Solution File, Format Version 12.00
# Visual Studio 2013
VisualStudioVersion = 12.0.31101.0
MinimumVisualStudioVersion = 10.0.40219.1
Project("{FAE04EC0-301F-11D3-BF4B-00C04F79EFBC}") = "KinderChat.Android", "Android\KinderChat.Android.csproj", "{E033292C-1101-44F4-867D-083EF8DB215F}"
EndProject
Project("{FAE04EC0-301F-11D3-BF4B-00C04F79EFBC}") = "KinderChat.iOS", "iOS\KinderChat.iOS.csproj", "{44FEC974-184C-4C8D-843B-72EE34BBE5E6}"
EndProject
Project("{FAE04EC0-301F-11D3-BF4B-00C04F79EFBC}") = "SharedClient", "SharedClient\SharedClient.csproj", "{B4A997C0-D6CF-4872-AC64-3425229BAD51}"
EndProject
Project("{FAE04EC0-301F-11D3-BF4B-00C04F79EFBC}") = "Console", "Console\Console.csproj", "{59917E97-EEB0-492E-8FCE-3148E98947AA}"
EndProject
Project("{FAE04EC0-301F-11D3-BF4B-00C04F79EFBC}") = "KinderChat.ServerClient", "KinderChat.ServerClient\KinderChat.ServerClient.csproj", "{302ACDE4-76E7-47A0-9291-A7D75E263E7B}"
EndProject
Project("{FAE04EC0-301F-11D3-BF4B-00C04F79EFBC}") = "KinderChatTests", "KinderChatTests\KinderChatTests.csproj", "{2EFEA5BB-F5EE-4EFB-BF1B-CC68C3F4A634}"
EndProject
Project("{FAE04EC0-301F-11D3-BF4B-00C04F79EFBC}") = "KinderChatAnalysis", "KinderChatAnalysis\KinderChatAnalysis.csproj", "{ED396AEE-C526-44E9-A558-72C799FB8858}"
EndProject
Global
	GlobalSection(SolutionConfigurationPlatforms) = preSolution
		Ad-Hoc|Any CPU = Ad-Hoc|Any CPU
		Ad-Hoc|ARM = Ad-Hoc|ARM
		Ad-Hoc|iPhone = Ad-Hoc|iPhone
		Ad-Hoc|iPhoneSimulator = Ad-Hoc|iPhoneSimulator
		Ad-Hoc|Mixed Platforms = Ad-Hoc|Mixed Platforms
		Ad-Hoc|x86 = Ad-Hoc|x86
		AppStore|Any CPU = AppStore|Any CPU
		AppStore|ARM = AppStore|ARM
		AppStore|iPhone = AppStore|iPhone
		AppStore|iPhoneSimulator = AppStore|iPhoneSimulator
		AppStore|Mixed Platforms = AppStore|Mixed Platforms
		AppStore|x86 = AppStore|x86
		Debug|Any CPU = Debug|Any CPU
		Debug|ARM = Debug|ARM
		Debug|iPhone = Debug|iPhone
		Debug|iPhoneSimulator = Debug|iPhoneSimulator
		Debug|Mixed Platforms = Debug|Mixed Platforms
		Debug|x86 = Debug|x86
		Release|Any CPU = Release|Any CPU
		Release|ARM = Release|ARM
		Release|iPhone = Release|iPhone
		Release|iPhoneSimulator = Release|iPhoneSimulator
		Release|Mixed Platforms = Release|Mixed Platforms
		Release|x86 = Release|x86
	EndGlobalSection
	GlobalSection(ProjectConfigurationPlatforms) = postSolution
		{E033292C-1101-44F4-867D-083EF8DB215F}.Ad-Hoc|Any CPU.ActiveCfg = Release|Any CPU
		{E033292C-1101-44F4-867D-083EF8DB215F}.Ad-Hoc|Any CPU.Build.0 = Release|Any CPU
		{E033292C-1101-44F4-867D-083EF8DB215F}.Ad-Hoc|Any CPU.Deploy.0 = Release|Any CPU
		{E033292C-1101-44F4-867D-083EF8DB215F}.Ad-Hoc|ARM.ActiveCfg = Debug|Any CPU
		{E033292C-1101-44F4-867D-083EF8DB215F}.Ad-Hoc|iPhone.ActiveCfg = Release|Any CPU
		{E033292C-1101-44F4-867D-083EF8DB215F}.Ad-Hoc|iPhoneSimulator.ActiveCfg = Release|Any CPU
		{E033292C-1101-44F4-867D-083EF8DB215F}.Ad-Hoc|Mixed Platforms.ActiveCfg = Release|Any CPU
		{E033292C-1101-44F4-867D-083EF8DB215F}.Ad-Hoc|Mixed Platforms.Build.0 = Release|Any CPU
		{E033292C-1101-44F4-867D-083EF8DB215F}.Ad-Hoc|Mixed Platforms.Deploy.0 = Release|Any CPU
		{E033292C-1101-44F4-867D-083EF8DB215F}.Ad-Hoc|x86.ActiveCfg = Debug|Any CPU
		{E033292C-1101-44F4-867D-083EF8DB215F}.AppStore|Any CPU.ActiveCfg = Release|Any CPU
		{E033292C-1101-44F4-867D-083EF8DB215F}.AppStore|Any CPU.Build.0 = Release|Any CPU
		{E033292C-1101-44F4-867D-083EF8DB215F}.AppStore|Any CPU.Deploy.0 = Release|Any CPU
		{E033292C-1101-44F4-867D-083EF8DB215F}.AppStore|ARM.ActiveCfg = Debug|Any CPU
		{E033292C-1101-44F4-867D-083EF8DB215F}.AppStore|iPhone.ActiveCfg = Release|Any CPU
		{E033292C-1101-44F4-867D-083EF8DB215F}.AppStore|iPhoneSimulator.ActiveCfg = Release|Any CPU
		{E033292C-1101-44F4-867D-083EF8DB215F}.AppStore|Mixed Platforms.ActiveCfg = Release|Any CPU
		{E033292C-1101-44F4-867D-083EF8DB215F}.AppStore|Mixed Platforms.Build.0 = Release|Any CPU
		{E033292C-1101-44F4-867D-083EF8DB215F}.AppStore|Mixed Platforms.Deploy.0 = Release|Any CPU
		{E033292C-1101-44F4-867D-083EF8DB215F}.AppStore|x86.ActiveCfg = Debug|Any CPU
		{E033292C-1101-44F4-867D-083EF8DB215F}.Debug|Any CPU.ActiveCfg = Debug|Any CPU
		{E033292C-1101-44F4-867D-083EF8DB215F}.Debug|Any CPU.Build.0 = Debug|Any CPU
		{E033292C-1101-44F4-867D-083EF8DB215F}.Debug|Any CPU.Deploy.0 = Debug|Any CPU
		{E033292C-1101-44F4-867D-083EF8DB215F}.Debug|ARM.ActiveCfg = Debug|Any CPU
		{E033292C-1101-44F4-867D-083EF8DB215F}.Debug|iPhone.ActiveCfg = Debug|Any CPU
		{E033292C-1101-44F4-867D-083EF8DB215F}.Debug|iPhoneSimulator.ActiveCfg = Debug|Any CPU
		{E033292C-1101-44F4-867D-083EF8DB215F}.Debug|iPhoneSimulator.Deploy.0 = Debug|Any CPU
		{E033292C-1101-44F4-867D-083EF8DB215F}.Debug|Mixed Platforms.ActiveCfg = Debug|Any CPU
		{E033292C-1101-44F4-867D-083EF8DB215F}.Debug|Mixed Platforms.Build.0 = Debug|Any CPU
		{E033292C-1101-44F4-867D-083EF8DB215F}.Debug|Mixed Platforms.Deploy.0 = Debug|Any CPU
		{E033292C-1101-44F4-867D-083EF8DB215F}.Debug|x86.ActiveCfg = Debug|Any CPU
		{E033292C-1101-44F4-867D-083EF8DB215F}.Release|Any CPU.ActiveCfg = Release|Any CPU
		{E033292C-1101-44F4-867D-083EF8DB215F}.Release|Any CPU.Build.0 = Release|Any CPU
		{E033292C-1101-44F4-867D-083EF8DB215F}.Release|Any CPU.Deploy.0 = Release|Any CPU
		{E033292C-1101-44F4-867D-083EF8DB215F}.Release|ARM.ActiveCfg = Release|Any CPU
		{E033292C-1101-44F4-867D-083EF8DB215F}.Release|iPhone.ActiveCfg = Release|Any CPU
		{E033292C-1101-44F4-867D-083EF8DB215F}.Release|iPhoneSimulator.ActiveCfg = Release|Any CPU
		{E033292C-1101-44F4-867D-083EF8DB215F}.Release|Mixed Platforms.ActiveCfg = Release|Any CPU
		{E033292C-1101-44F4-867D-083EF8DB215F}.Release|Mixed Platforms.Build.0 = Release|Any CPU
		{E033292C-1101-44F4-867D-083EF8DB215F}.Release|Mixed Platforms.Deploy.0 = Release|Any CPU
		{E033292C-1101-44F4-867D-083EF8DB215F}.Release|x86.ActiveCfg = Release|Any CPU
		{44FEC974-184C-4C8D-843B-72EE34BBE5E6}.Ad-Hoc|Any CPU.ActiveCfg = Ad-Hoc|iPhone
		{44FEC974-184C-4C8D-843B-72EE34BBE5E6}.Ad-Hoc|ARM.ActiveCfg = Ad-Hoc|iPhoneSimulator
		{44FEC974-184C-4C8D-843B-72EE34BBE5E6}.Ad-Hoc|iPhone.ActiveCfg = Ad-Hoc|iPhone
		{44FEC974-184C-4C8D-843B-72EE34BBE5E6}.Ad-Hoc|iPhone.Build.0 = Ad-Hoc|iPhone
		{44FEC974-184C-4C8D-843B-72EE34BBE5E6}.Ad-Hoc|iPhoneSimulator.ActiveCfg = Ad-Hoc|iPhoneSimulator
		{44FEC974-184C-4C8D-843B-72EE34BBE5E6}.Ad-Hoc|iPhoneSimulator.Build.0 = Ad-Hoc|iPhoneSimulator
		{44FEC974-184C-4C8D-843B-72EE34BBE5E6}.Ad-Hoc|Mixed Platforms.ActiveCfg = Ad-Hoc|iPhone
		{44FEC974-184C-4C8D-843B-72EE34BBE5E6}.Ad-Hoc|Mixed Platforms.Build.0 = Ad-Hoc|iPhone
		{44FEC974-184C-4C8D-843B-72EE34BBE5E6}.Ad-Hoc|x86.ActiveCfg = Ad-Hoc|iPhoneSimulator
		{44FEC974-184C-4C8D-843B-72EE34BBE5E6}.AppStore|Any CPU.ActiveCfg = AppStore|iPhone
		{44FEC974-184C-4C8D-843B-72EE34BBE5E6}.AppStore|ARM.ActiveCfg = AppStore|iPhoneSimulator
		{44FEC974-184C-4C8D-843B-72EE34BBE5E6}.AppStore|iPhone.ActiveCfg = AppStore|iPhone
		{44FEC974-184C-4C8D-843B-72EE34BBE5E6}.AppStore|iPhone.Build.0 = AppStore|iPhone
		{44FEC974-184C-4C8D-843B-72EE34BBE5E6}.AppStore|iPhoneSimulator.ActiveCfg = AppStore|iPhoneSimulator
		{44FEC974-184C-4C8D-843B-72EE34BBE5E6}.AppStore|iPhoneSimulator.Build.0 = AppStore|iPhoneSimulator
		{44FEC974-184C-4C8D-843B-72EE34BBE5E6}.AppStore|Mixed Platforms.ActiveCfg = AppStore|iPhone
		{44FEC974-184C-4C8D-843B-72EE34BBE5E6}.AppStore|Mixed Platforms.Build.0 = AppStore|iPhone
		{44FEC974-184C-4C8D-843B-72EE34BBE5E6}.AppStore|x86.ActiveCfg = AppStore|iPhoneSimulator
		{44FEC974-184C-4C8D-843B-72EE34BBE5E6}.Debug|Any CPU.ActiveCfg = Debug|iPhoneSimulator
		{44FEC974-184C-4C8D-843B-72EE34BBE5E6}.Debug|Any CPU.Build.0 = Debug|iPhoneSimulator
		{44FEC974-184C-4C8D-843B-72EE34BBE5E6}.Debug|ARM.ActiveCfg = Debug|iPhoneSimulator
		{44FEC974-184C-4C8D-843B-72EE34BBE5E6}.Debug|iPhone.ActiveCfg = Debug|iPhone
		{44FEC974-184C-4C8D-843B-72EE34BBE5E6}.Debug|iPhone.Build.0 = Debug|iPhone
		{44FEC974-184C-4C8D-843B-72EE34BBE5E6}.Debug|iPhoneSimulator.ActiveCfg = Debug|iPhoneSimulator
		{44FEC974-184C-4C8D-843B-72EE34BBE5E6}.Debug|iPhoneSimulator.Build.0 = Debug|iPhoneSimulator
		{44FEC974-184C-4C8D-843B-72EE34BBE5E6}.Debug|Mixed Platforms.ActiveCfg = Debug|iPhone
		{44FEC974-184C-4C8D-843B-72EE34BBE5E6}.Debug|Mixed Platforms.Build.0 = Debug|iPhone
		{44FEC974-184C-4C8D-843B-72EE34BBE5E6}.Debug|x86.ActiveCfg = Debug|iPhoneSimulator
		{44FEC974-184C-4C8D-843B-72EE34BBE5E6}.Release|Any CPU.ActiveCfg = Release|iPhone
		{44FEC974-184C-4C8D-843B-72EE34BBE5E6}.Release|ARM.ActiveCfg = Release|iPhoneSimulator
		{44FEC974-184C-4C8D-843B-72EE34BBE5E6}.Release|iPhone.ActiveCfg = Release|iPhone
		{44FEC974-184C-4C8D-843B-72EE34BBE5E6}.Release|iPhone.Build.0 = Release|iPhone
		{44FEC974-184C-4C8D-843B-72EE34BBE5E6}.Release|iPhoneSimulator.ActiveCfg = Release|iPhoneSimulator
		{44FEC974-184C-4C8D-843B-72EE34BBE5E6}.Release|iPhoneSimulator.Build.0 = Release|iPhoneSimulator
		{44FEC974-184C-4C8D-843B-72EE34BBE5E6}.Release|Mixed Platforms.ActiveCfg = Release|iPhone
		{44FEC974-184C-4C8D-843B-72EE34BBE5E6}.Release|x86.ActiveCfg = Release|iPhoneSimulator
		{B4A997C0-D6CF-4872-AC64-3425229BAD51}.Ad-Hoc|Any CPU.ActiveCfg = Release|Any CPU
		{B4A997C0-D6CF-4872-AC64-3425229BAD51}.Ad-Hoc|Any CPU.Build.0 = Release|Any CPU
		{B4A997C0-D6CF-4872-AC64-3425229BAD51}.Ad-Hoc|ARM.ActiveCfg = Debug|Any CPU
		{B4A997C0-D6CF-4872-AC64-3425229BAD51}.Ad-Hoc|iPhone.ActiveCfg = Release|Any CPU
		{B4A997C0-D6CF-4872-AC64-3425229BAD51}.Ad-Hoc|iPhone.Build.0 = Release|Any CPU
		{B4A997C0-D6CF-4872-AC64-3425229BAD51}.Ad-Hoc|iPhoneSimulator.ActiveCfg = Release|Any CPU
		{B4A997C0-D6CF-4872-AC64-3425229BAD51}.Ad-Hoc|Mixed Platforms.ActiveCfg = Release|Any CPU
		{B4A997C0-D6CF-4872-AC64-3425229BAD51}.Ad-Hoc|Mixed Platforms.Build.0 = Release|Any CPU
		{B4A997C0-D6CF-4872-AC64-3425229BAD51}.Ad-Hoc|x86.ActiveCfg = Debug|Any CPU
		{B4A997C0-D6CF-4872-AC64-3425229BAD51}.AppStore|Any CPU.ActiveCfg = Release|Any CPU
		{B4A997C0-D6CF-4872-AC64-3425229BAD51}.AppStore|Any CPU.Build.0 = Release|Any CPU
		{B4A997C0-D6CF-4872-AC64-3425229BAD51}.AppStore|ARM.ActiveCfg = Debug|Any CPU
		{B4A997C0-D6CF-4872-AC64-3425229BAD51}.AppStore|iPhone.ActiveCfg = Release|Any CPU
		{B4A997C0-D6CF-4872-AC64-3425229BAD51}.AppStore|iPhoneSimulator.ActiveCfg = Release|Any CPU
		{B4A997C0-D6CF-4872-AC64-3425229BAD51}.AppStore|Mixed Platforms.ActiveCfg = Release|Any CPU
		{B4A997C0-D6CF-4872-AC64-3425229BAD51}.AppStore|Mixed Platforms.Build.0 = Release|Any CPU
		{B4A997C0-D6CF-4872-AC64-3425229BAD51}.AppStore|x86.ActiveCfg = Debug|Any CPU
		{B4A997C0-D6CF-4872-AC64-3425229BAD51}.Debug|Any CPU.ActiveCfg = Debug|Any CPU
		{B4A997C0-D6CF-4872-AC64-3425229BAD51}.Debug|Any CPU.Build.0 = Debug|Any CPU
		{B4A997C0-D6CF-4872-AC64-3425229BAD51}.Debug|ARM.ActiveCfg = Debug|Any CPU
		{B4A997C0-D6CF-4872-AC64-3425229BAD51}.Debug|iPhone.ActiveCfg = Debug|Any CPU
		{B4A997C0-D6CF-4872-AC64-3425229BAD51}.Debug|iPhone.Build.0 = Debug|Any CPU
		{B4A997C0-D6CF-4872-AC64-3425229BAD51}.Debug|iPhoneSimulator.ActiveCfg = Debug|Any CPU
		{B4A997C0-D6CF-4872-AC64-3425229BAD51}.Debug|iPhoneSimulator.Build.0 = Debug|Any CPU
		{B4A997C0-D6CF-4872-AC64-3425229BAD51}.Debug|Mixed Platforms.ActiveCfg = Debug|Any CPU
		{B4A997C0-D6CF-4872-AC64-3425229BAD51}.Debug|Mixed Platforms.Build.0 = Debug|Any CPU
		{B4A997C0-D6CF-4872-AC64-3425229BAD51}.Debug|x86.ActiveCfg = Debug|Any CPU
		{B4A997C0-D6CF-4872-AC64-3425229BAD51}.Release|Any CPU.ActiveCfg = Release|Any CPU
		{B4A997C0-D6CF-4872-AC64-3425229BAD51}.Release|Any CPU.Build.0 = Release|Any CPU
		{B4A997C0-D6CF-4872-AC64-3425229BAD51}.Release|ARM.ActiveCfg = Release|Any CPU
		{B4A997C0-D6CF-4872-AC64-3425229BAD51}.Release|iPhone.ActiveCfg = Release|Any CPU
		{B4A997C0-D6CF-4872-AC64-3425229BAD51}.Release|iPhone.Build.0 = Release|Any CPU
		{B4A997C0-D6CF-4872-AC64-3425229BAD51}.Release|iPhoneSimulator.ActiveCfg = Release|Any CPU
		{B4A997C0-D6CF-4872-AC64-3425229BAD51}.Release|iPhoneSimulator.Build.0 = Release|Any CPU
		{B4A997C0-D6CF-4872-AC64-3425229BAD51}.Release|Mixed Platforms.ActiveCfg = Release|Any CPU
		{B4A997C0-D6CF-4872-AC64-3425229BAD51}.Release|Mixed Platforms.Build.0 = Release|Any CPU
		{B4A997C0-D6CF-4872-AC64-3425229BAD51}.Release|x86.ActiveCfg = Release|Any CPU
		{59917E97-EEB0-492E-8FCE-3148E98947AA}.Ad-Hoc|Any CPU.ActiveCfg = Debug|iPhoneSimulator
		{59917E97-EEB0-492E-8FCE-3148E98947AA}.Ad-Hoc|Any CPU.Build.0 = Debug|iPhoneSimulator
		{59917E97-EEB0-492E-8FCE-3148E98947AA}.Ad-Hoc|ARM.ActiveCfg = Release|iPhoneSimulator
		{59917E97-EEB0-492E-8FCE-3148E98947AA}.Ad-Hoc|iPhone.ActiveCfg = Debug|iPhoneSimulator
		{59917E97-EEB0-492E-8FCE-3148E98947AA}.Ad-Hoc|iPhoneSimulator.ActiveCfg = Debug|iPhoneSimulator
		{59917E97-EEB0-492E-8FCE-3148E98947AA}.Ad-Hoc|iPhoneSimulator.Build.0 = Debug|iPhoneSimulator
		{59917E97-EEB0-492E-8FCE-3148E98947AA}.Ad-Hoc|Mixed Platforms.ActiveCfg = Debug|iPhoneSimulator
		{59917E97-EEB0-492E-8FCE-3148E98947AA}.Ad-Hoc|Mixed Platforms.Build.0 = Debug|iPhoneSimulator
		{59917E97-EEB0-492E-8FCE-3148E98947AA}.Ad-Hoc|x86.ActiveCfg = Release|iPhoneSimulator
		{59917E97-EEB0-492E-8FCE-3148E98947AA}.AppStore|Any CPU.ActiveCfg = Debug|iPhoneSimulator
		{59917E97-EEB0-492E-8FCE-3148E98947AA}.AppStore|Any CPU.Build.0 = Debug|iPhoneSimulator
		{59917E97-EEB0-492E-8FCE-3148E98947AA}.AppStore|ARM.ActiveCfg = Release|iPhoneSimulator
		{59917E97-EEB0-492E-8FCE-3148E98947AA}.AppStore|iPhone.ActiveCfg = Debug|iPhoneSimulator
		{59917E97-EEB0-492E-8FCE-3148E98947AA}.AppStore|iPhone.Build.0 = Debug|iPhoneSimulator
		{59917E97-EEB0-492E-8FCE-3148E98947AA}.AppStore|iPhoneSimulator.ActiveCfg = Debug|iPhoneSimulator
		{59917E97-EEB0-492E-8FCE-3148E98947AA}.AppStore|iPhoneSimulator.Build.0 = Debug|iPhoneSimulator
		{59917E97-EEB0-492E-8FCE-3148E98947AA}.AppStore|Mixed Platforms.ActiveCfg = Debug|iPhoneSimulator
		{59917E97-EEB0-492E-8FCE-3148E98947AA}.AppStore|Mixed Platforms.Build.0 = Debug|iPhoneSimulator
		{59917E97-EEB0-492E-8FCE-3148E98947AA}.AppStore|x86.ActiveCfg = Release|iPhoneSimulator
		{59917E97-EEB0-492E-8FCE-3148E98947AA}.Debug|Any CPU.ActiveCfg = Debug|iPhoneSimulator
		{59917E97-EEB0-492E-8FCE-3148E98947AA}.Debug|Any CPU.Build.0 = Debug|iPhoneSimulator
		{59917E97-EEB0-492E-8FCE-3148E98947AA}.Debug|ARM.ActiveCfg = Debug|iPhoneSimulator
		{59917E97-EEB0-492E-8FCE-3148E98947AA}.Debug|iPhone.ActiveCfg = Debug|iPhoneSimulator
		{59917E97-EEB0-492E-8FCE-3148E98947AA}.Debug|iPhoneSimulator.ActiveCfg = Debug|iPhoneSimulator
		{59917E97-EEB0-492E-8FCE-3148E98947AA}.Debug|Mixed Platforms.ActiveCfg = Debug|iPhoneSimulator
		{59917E97-EEB0-492E-8FCE-3148E98947AA}.Debug|Mixed Platforms.Build.0 = Debug|iPhoneSimulator
		{59917E97-EEB0-492E-8FCE-3148E98947AA}.Debug|x86.ActiveCfg = Debug|iPhoneSimulator
		{59917E97-EEB0-492E-8FCE-3148E98947AA}.Release|Any CPU.ActiveCfg = Release|iPhoneSimulator
		{59917E97-EEB0-492E-8FCE-3148E98947AA}.Release|Any CPU.Build.0 = Release|iPhoneSimulator
		{59917E97-EEB0-492E-8FCE-3148E98947AA}.Release|ARM.ActiveCfg = Release|iPhoneSimulator
		{59917E97-EEB0-492E-8FCE-3148E98947AA}.Release|iPhone.ActiveCfg = Release|iPhoneSimulator
		{59917E97-EEB0-492E-8FCE-3148E98947AA}.Release|iPhoneSimulator.ActiveCfg = Release|iPhoneSimulator
		{59917E97-EEB0-492E-8FCE-3148E98947AA}.Release|Mixed Platforms.ActiveCfg = Release|iPhoneSimulator
		{59917E97-EEB0-492E-8FCE-3148E98947AA}.Release|Mixed Platforms.Build.0 = Release|iPhoneSimulator
		{59917E97-EEB0-492E-8FCE-3148E98947AA}.Release|x86.ActiveCfg = Release|iPhoneSimulator
		{302ACDE4-76E7-47A0-9291-A7D75E263E7B}.Ad-Hoc|Any CPU.ActiveCfg = Release|Any CPU
		{302ACDE4-76E7-47A0-9291-A7D75E263E7B}.Ad-Hoc|Any CPU.Build.0 = Release|Any CPU
		{302ACDE4-76E7-47A0-9291-A7D75E263E7B}.Ad-Hoc|ARM.ActiveCfg = Debug|Any CPU
		{302ACDE4-76E7-47A0-9291-A7D75E263E7B}.Ad-Hoc|ARM.Build.0 = Debug|Any CPU
		{302ACDE4-76E7-47A0-9291-A7D75E263E7B}.Ad-Hoc|iPhone.ActiveCfg = Release|Any CPU
		{302ACDE4-76E7-47A0-9291-A7D75E263E7B}.Ad-Hoc|iPhone.Build.0 = Release|Any CPU
		{302ACDE4-76E7-47A0-9291-A7D75E263E7B}.Ad-Hoc|iPhoneSimulator.ActiveCfg = Release|Any CPU
		{302ACDE4-76E7-47A0-9291-A7D75E263E7B}.Ad-Hoc|iPhoneSimulator.Build.0 = Release|Any CPU
		{302ACDE4-76E7-47A0-9291-A7D75E263E7B}.Ad-Hoc|Mixed Platforms.ActiveCfg = Release|Any CPU
		{302ACDE4-76E7-47A0-9291-A7D75E263E7B}.Ad-Hoc|Mixed Platforms.Build.0 = Release|Any CPU
		{302ACDE4-76E7-47A0-9291-A7D75E263E7B}.Ad-Hoc|x86.ActiveCfg = Debug|Any CPU
		{302ACDE4-76E7-47A0-9291-A7D75E263E7B}.Ad-Hoc|x86.Build.0 = Debug|Any CPU
		{302ACDE4-76E7-47A0-9291-A7D75E263E7B}.AppStore|Any CPU.ActiveCfg = Release|Any CPU
		{302ACDE4-76E7-47A0-9291-A7D75E263E7B}.AppStore|Any CPU.Build.0 = Release|Any CPU
		{302ACDE4-76E7-47A0-9291-A7D75E263E7B}.AppStore|ARM.ActiveCfg = Debug|Any CPU
		{302ACDE4-76E7-47A0-9291-A7D75E263E7B}.AppStore|ARM.Build.0 = Debug|Any CPU
		{302ACDE4-76E7-47A0-9291-A7D75E263E7B}.AppStore|iPhone.ActiveCfg = Release|Any CPU
		{302ACDE4-76E7-47A0-9291-A7D75E263E7B}.AppStore|iPhone.Build.0 = Release|Any CPU
		{302ACDE4-76E7-47A0-9291-A7D75E263E7B}.AppStore|iPhoneSimulator.ActiveCfg = Release|Any CPU
		{302ACDE4-76E7-47A0-9291-A7D75E263E7B}.AppStore|iPhoneSimulator.Build.0 = Release|Any CPU
		{302ACDE4-76E7-47A0-9291-A7D75E263E7B}.AppStore|Mixed Platforms.ActiveCfg = Release|Any CPU
		{302ACDE4-76E7-47A0-9291-A7D75E263E7B}.AppStore|Mixed Platforms.Build.0 = Release|Any CPU
		{302ACDE4-76E7-47A0-9291-A7D75E263E7B}.AppStore|x86.ActiveCfg = Debug|Any CPU
		{302ACDE4-76E7-47A0-9291-A7D75E263E7B}.AppStore|x86.Build.0 = Debug|Any CPU
		{302ACDE4-76E7-47A0-9291-A7D75E263E7B}.Debug|Any CPU.ActiveCfg = Debug|Any CPU
		{302ACDE4-76E7-47A0-9291-A7D75E263E7B}.Debug|Any CPU.Build.0 = Debug|Any CPU
		{302ACDE4-76E7-47A0-9291-A7D75E263E7B}.Debug|ARM.ActiveCfg = Debug|Any CPU
		{302ACDE4-76E7-47A0-9291-A7D75E263E7B}.Debug|ARM.Build.0 = Debug|Any CPU
		{302ACDE4-76E7-47A0-9291-A7D75E263E7B}.Debug|iPhone.ActiveCfg = Debug|Any CPU
		{302ACDE4-76E7-47A0-9291-A7D75E263E7B}.Debug|iPhone.Build.0 = Debug|Any CPU
		{302ACDE4-76E7-47A0-9291-A7D75E263E7B}.Debug|iPhoneSimulator.ActiveCfg = Debug|Any CPU
		{302ACDE4-76E7-47A0-9291-A7D75E263E7B}.Debug|iPhoneSimulator.Build.0 = Debug|Any CPU
		{302ACDE4-76E7-47A0-9291-A7D75E263E7B}.Debug|Mixed Platforms.ActiveCfg = Debug|Any CPU
		{302ACDE4-76E7-47A0-9291-A7D75E263E7B}.Debug|Mixed Platforms.Build.0 = Debug|Any CPU
		{302ACDE4-76E7-47A0-9291-A7D75E263E7B}.Debug|x86.ActiveCfg = Debug|Any CPU
		{302ACDE4-76E7-47A0-9291-A7D75E263E7B}.Debug|x86.Build.0 = Debug|Any CPU
		{302ACDE4-76E7-47A0-9291-A7D75E263E7B}.Release|Any CPU.ActiveCfg = Release|Any CPU
		{302ACDE4-76E7-47A0-9291-A7D75E263E7B}.Release|Any CPU.Build.0 = Release|Any CPU
		{302ACDE4-76E7-47A0-9291-A7D75E263E7B}.Release|ARM.ActiveCfg = Release|Any CPU
		{302ACDE4-76E7-47A0-9291-A7D75E263E7B}.Release|ARM.Build.0 = Release|Any CPU
		{302ACDE4-76E7-47A0-9291-A7D75E263E7B}.Release|iPhone.ActiveCfg = Release|Any CPU
		{302ACDE4-76E7-47A0-9291-A7D75E263E7B}.Release|iPhone.Build.0 = Release|Any CPU
		{302ACDE4-76E7-47A0-9291-A7D75E263E7B}.Release|iPhoneSimulator.ActiveCfg = Release|Any CPU
		{302ACDE4-76E7-47A0-9291-A7D75E263E7B}.Release|iPhoneSimulator.Build.0 = Release|Any CPU
		{302ACDE4-76E7-47A0-9291-A7D75E263E7B}.Release|Mixed Platforms.ActiveCfg = Release|Any CPU
		{302ACDE4-76E7-47A0-9291-A7D75E263E7B}.Release|Mixed Platforms.Build.0 = Release|Any CPU
		{302ACDE4-76E7-47A0-9291-A7D75E263E7B}.Release|x86.ActiveCfg = Release|Any CPU
		{302ACDE4-76E7-47A0-9291-A7D75E263E7B}.Release|x86.Build.0 = Release|Any CPU
		{2EFEA5BB-F5EE-4EFB-BF1B-CC68C3F4A634}.Ad-Hoc|Any CPU.ActiveCfg = Release|Any CPU
		{2EFEA5BB-F5EE-4EFB-BF1B-CC68C3F4A634}.Ad-Hoc|Any CPU.Build.0 = Release|Any CPU
		{2EFEA5BB-F5EE-4EFB-BF1B-CC68C3F4A634}.Ad-Hoc|ARM.ActiveCfg = Debug|Any CPU
		{2EFEA5BB-F5EE-4EFB-BF1B-CC68C3F4A634}.Ad-Hoc|ARM.Build.0 = Debug|Any CPU
		{2EFEA5BB-F5EE-4EFB-BF1B-CC68C3F4A634}.Ad-Hoc|iPhone.ActiveCfg = Release|Any CPU
		{2EFEA5BB-F5EE-4EFB-BF1B-CC68C3F4A634}.Ad-Hoc|iPhoneSimulator.ActiveCfg = Release|Any CPU
		{2EFEA5BB-F5EE-4EFB-BF1B-CC68C3F4A634}.Ad-Hoc|iPhoneSimulator.Build.0 = Release|Any CPU
		{2EFEA5BB-F5EE-4EFB-BF1B-CC68C3F4A634}.Ad-Hoc|Mixed Platforms.ActiveCfg = Release|Any CPU
		{2EFEA5BB-F5EE-4EFB-BF1B-CC68C3F4A634}.Ad-Hoc|Mixed Platforms.Build.0 = Release|Any CPU
		{2EFEA5BB-F5EE-4EFB-BF1B-CC68C3F4A634}.Ad-Hoc|x86.ActiveCfg = Debug|Any CPU
		{2EFEA5BB-F5EE-4EFB-BF1B-CC68C3F4A634}.Ad-Hoc|x86.Build.0 = Debug|Any CPU
		{2EFEA5BB-F5EE-4EFB-BF1B-CC68C3F4A634}.AppStore|Any CPU.ActiveCfg = Release|Any CPU
		{2EFEA5BB-F5EE-4EFB-BF1B-CC68C3F4A634}.AppStore|Any CPU.Build.0 = Release|Any CPU
		{2EFEA5BB-F5EE-4EFB-BF1B-CC68C3F4A634}.AppStore|ARM.ActiveCfg = Debug|Any CPU
		{2EFEA5BB-F5EE-4EFB-BF1B-CC68C3F4A634}.AppStore|ARM.Build.0 = Debug|Any CPU
		{2EFEA5BB-F5EE-4EFB-BF1B-CC68C3F4A634}.AppStore|iPhone.ActiveCfg = Release|Any CPU
		{2EFEA5BB-F5EE-4EFB-BF1B-CC68C3F4A634}.AppStore|iPhone.Build.0 = Release|Any CPU
		{2EFEA5BB-F5EE-4EFB-BF1B-CC68C3F4A634}.AppStore|iPhoneSimulator.ActiveCfg = Release|Any CPU
		{2EFEA5BB-F5EE-4EFB-BF1B-CC68C3F4A634}.AppStore|iPhoneSimulator.Build.0 = Release|Any CPU
		{2EFEA5BB-F5EE-4EFB-BF1B-CC68C3F4A634}.AppStore|Mixed Platforms.ActiveCfg = Release|Any CPU
		{2EFEA5BB-F5EE-4EFB-BF1B-CC68C3F4A634}.AppStore|Mixed Platforms.Build.0 = Release|Any CPU
		{2EFEA5BB-F5EE-4EFB-BF1B-CC68C3F4A634}.AppStore|x86.ActiveCfg = Debug|Any CPU
		{2EFEA5BB-F5EE-4EFB-BF1B-CC68C3F4A634}.AppStore|x86.Build.0 = Debug|Any CPU
		{2EFEA5BB-F5EE-4EFB-BF1B-CC68C3F4A634}.Debug|Any CPU.ActiveCfg = Debug|Any CPU
		{2EFEA5BB-F5EE-4EFB-BF1B-CC68C3F4A634}.Debug|Any CPU.Build.0 = Debug|Any CPU
		{2EFEA5BB-F5EE-4EFB-BF1B-CC68C3F4A634}.Debug|ARM.ActiveCfg = Debug|Any CPU
		{2EFEA5BB-F5EE-4EFB-BF1B-CC68C3F4A634}.Debug|ARM.Build.0 = Debug|Any CPU
		{2EFEA5BB-F5EE-4EFB-BF1B-CC68C3F4A634}.Debug|iPhone.ActiveCfg = Debug|Any CPU
		{2EFEA5BB-F5EE-4EFB-BF1B-CC68C3F4A634}.Debug|iPhoneSimulator.ActiveCfg = Debug|Any CPU
		{2EFEA5BB-F5EE-4EFB-BF1B-CC68C3F4A634}.Debug|Mixed Platforms.ActiveCfg = Debug|Any CPU
		{2EFEA5BB-F5EE-4EFB-BF1B-CC68C3F4A634}.Debug|Mixed Platforms.Build.0 = Debug|Any CPU
		{2EFEA5BB-F5EE-4EFB-BF1B-CC68C3F4A634}.Debug|x86.ActiveCfg = Debug|Any CPU
		{2EFEA5BB-F5EE-4EFB-BF1B-CC68C3F4A634}.Debug|x86.Build.0 = Debug|Any CPU
		{2EFEA5BB-F5EE-4EFB-BF1B-CC68C3F4A634}.Release|Any CPU.ActiveCfg = Release|Any CPU
		{2EFEA5BB-F5EE-4EFB-BF1B-CC68C3F4A634}.Release|Any CPU.Build.0 = Release|Any CPU
		{2EFEA5BB-F5EE-4EFB-BF1B-CC68C3F4A634}.Release|ARM.ActiveCfg = Release|Any CPU
		{2EFEA5BB-F5EE-4EFB-BF1B-CC68C3F4A634}.Release|ARM.Build.0 = Release|Any CPU
		{2EFEA5BB-F5EE-4EFB-BF1B-CC68C3F4A634}.Release|iPhone.ActiveCfg = Release|Any CPU
		{2EFEA5BB-F5EE-4EFB-BF1B-CC68C3F4A634}.Release|iPhoneSimulator.ActiveCfg = Release|Any CPU
		{2EFEA5BB-F5EE-4EFB-BF1B-CC68C3F4A634}.Release|Mixed Platforms.ActiveCfg = Release|Any CPU
		{2EFEA5BB-F5EE-4EFB-BF1B-CC68C3F4A634}.Release|Mixed Platforms.Build.0 = Release|Any CPU
		{2EFEA5BB-F5EE-4EFB-BF1B-CC68C3F4A634}.Release|x86.ActiveCfg = Release|Any CPU
		{2EFEA5BB-F5EE-4EFB-BF1B-CC68C3F4A634}.Release|x86.Build.0 = Release|Any CPU
		{ED396AEE-C526-44E9-A558-72C799FB8858}.Ad-Hoc|Any CPU.ActiveCfg = Release|Any CPU
		{ED396AEE-C526-44E9-A558-72C799FB8858}.Ad-Hoc|Any CPU.Build.0 = Release|Any CPU
		{ED396AEE-C526-44E9-A558-72C799FB8858}.Ad-Hoc|ARM.ActiveCfg = Debug|Any CPU
		{ED396AEE-C526-44E9-A558-72C799FB8858}.Ad-Hoc|ARM.Build.0 = Debug|Any CPU
		{ED396AEE-C526-44E9-A558-72C799FB8858}.Ad-Hoc|iPhone.ActiveCfg = Release|Any CPU
		{ED396AEE-C526-44E9-A558-72C799FB8858}.Ad-Hoc|iPhoneSimulator.ActiveCfg = Release|Any CPU
		{ED396AEE-C526-44E9-A558-72C799FB8858}.Ad-Hoc|iPhoneSimulator.Build.0 = Release|Any CPU
		{ED396AEE-C526-44E9-A558-72C799FB8858}.Ad-Hoc|Mixed Platforms.ActiveCfg = Release|Any CPU
		{ED396AEE-C526-44E9-A558-72C799FB8858}.Ad-Hoc|Mixed Platforms.Build.0 = Release|Any CPU
		{ED396AEE-C526-44E9-A558-72C799FB8858}.Ad-Hoc|x86.ActiveCfg = Debug|Any CPU
		{ED396AEE-C526-44E9-A558-72C799FB8858}.Ad-Hoc|x86.Build.0 = Debug|Any CPU
		{ED396AEE-C526-44E9-A558-72C799FB8858}.AppStore|Any CPU.ActiveCfg = Release|Any CPU
		{ED396AEE-C526-44E9-A558-72C799FB8858}.AppStore|Any CPU.Build.0 = Release|Any CPU
		{ED396AEE-C526-44E9-A558-72C799FB8858}.AppStore|ARM.ActiveCfg = Debug|Any CPU
		{ED396AEE-C526-44E9-A558-72C799FB8858}.AppStore|ARM.Build.0 = Debug|Any CPU
		{ED396AEE-C526-44E9-A558-72C799FB8858}.AppStore|iPhone.ActiveCfg = Release|Any CPU
		{ED396AEE-C526-44E9-A558-72C799FB8858}.AppStore|iPhone.Build.0 = Release|Any CPU
		{ED396AEE-C526-44E9-A558-72C799FB8858}.AppStore|iPhoneSimulator.ActiveCfg = Release|Any CPU
		{ED396AEE-C526-44E9-A558-72C799FB8858}.AppStore|iPhoneSimulator.Build.0 = Release|Any CPU
		{ED396AEE-C526-44E9-A558-72C799FB8858}.AppStore|Mixed Platforms.ActiveCfg = Release|Any CPU
		{ED396AEE-C526-44E9-A558-72C799FB8858}.AppStore|Mixed Platforms.Build.0 = Release|Any CPU
		{ED396AEE-C526-44E9-A558-72C799FB8858}.AppStore|x86.ActiveCfg = Debug|Any CPU
		{ED396AEE-C526-44E9-A558-72C799FB8858}.AppStore|x86.Build.0 = Debug|Any CPU
		{ED396AEE-C526-44E9-A558-72C799FB8858}.Debug|Any CPU.ActiveCfg = Debug|Any CPU
		{ED396AEE-C526-44E9-A558-72C799FB8858}.Debug|Any CPU.Build.0 = Debug|Any CPU
		{ED396AEE-C526-44E9-A558-72C799FB8858}.Debug|ARM.ActiveCfg = Debug|Any CPU
		{ED396AEE-C526-44E9-A558-72C799FB8858}.Debug|ARM.Build.0 = Debug|Any CPU
		{ED396AEE-C526-44E9-A558-72C799FB8858}.Debug|iPhone.ActiveCfg = Debug|Any CPU
		{ED396AEE-C526-44E9-A558-72C799FB8858}.Debug|iPhoneSimulator.ActiveCfg = Debug|Any CPU
		{ED396AEE-C526-44E9-A558-72C799FB8858}.Debug|Mixed Platforms.ActiveCfg = Debug|Any CPU
		{ED396AEE-C526-44E9-A558-72C799FB8858}.Debug|Mixed Platforms.Build.0 = Debug|Any CPU
		{ED396AEE-C526-44E9-A558-72C799FB8858}.Debug|x86.ActiveCfg = Debug|Any CPU
		{ED396AEE-C526-44E9-A558-72C799FB8858}.Debug|x86.Build.0 = Debug|Any CPU
		{ED396AEE-C526-44E9-A558-72C799FB8858}.Release|Any CPU.ActiveCfg = Release|Any CPU
		{ED396AEE-C526-44E9-A558-72C799FB8858}.Release|Any CPU.Build.0 = Release|Any CPU
		{ED396AEE-C526-44E9-A558-72C799FB8858}.Release|ARM.ActiveCfg = Release|Any CPU
		{ED396AEE-C526-44E9-A558-72C799FB8858}.Release|ARM.Build.0 = Release|Any CPU
		{ED396AEE-C526-44E9-A558-72C799FB8858}.Release|iPhone.ActiveCfg = Release|Any CPU
		{ED396AEE-C526-44E9-A558-72C799FB8858}.Release|iPhoneSimulator.ActiveCfg = Release|Any CPU
		{ED396AEE-C526-44E9-A558-72C799FB8858}.Release|Mixed Platforms.ActiveCfg = Release|Any CPU
		{ED396AEE-C526-44E9-A558-72C799FB8858}.Release|Mixed Platforms.Build.0 = Release|Any CPU
		{ED396AEE-C526-44E9-A558-72C799FB8858}.Release|x86.ActiveCfg = Release|Any CPU
		{ED396AEE-C526-44E9-A558-72C799FB8858}.Release|x86.Build.0 = Release|Any CPU
	EndGlobalSection
	GlobalSection(SolutionProperties) = preSolution
		HideSolutionNode = FALSE
	EndGlobalSection
EndGlobal
