
Microsoft Visual Studio Solution File, Format Version 12.00
# Visual Studio 14
VisualStudioVersion = 14.0.22609.0
MinimumVisualStudioVersion = 10.0.40219.1
Project("{FAE04EC0-301F-11D3-BF4B-00C04F79EFBC}") = "KinderChat-UAP", "KinderChat-UAP\KinderChat-UAP.csproj", "{D35BB284-8DED-47A7-A4EB-65CAFC2A1ABD}"
EndProject
Project("{FAE04EC0-301F-11D3-BF4B-00C04F79EFBC}") = "KinderChat.ServerClient", "..\KinderChat.ServerClient\KinderChat.ServerClient.csproj", "{302ACDE4-76E7-47A0-9291-A7D75E263E7B}"
EndProject
Global
	GlobalSection(SolutionConfigurationPlatforms) = preSolution
		Debug|Any CPU = Debug|Any CPU
		Debug|ARM = Debug|ARM
		Debug|x64 = Debug|x64
		Debug|x86 = Debug|x86
		Release|Any CPU = Release|Any CPU
		Release|ARM = Release|ARM
		Release|x64 = Release|x64
		Release|x86 = Release|x86
	EndGlobalSection
	GlobalSection(ProjectConfigurationPlatforms) = postSolution
		{D35BB284-8DED-47A7-A4EB-65CAFC2A1ABD}.Debug|Any CPU.ActiveCfg = Debug|Any CPU
		{D35BB284-8DED-47A7-A4EB-65CAFC2A1ABD}.Debug|Any CPU.Build.0 = Debug|Any CPU
		{D35BB284-8DED-47A7-A4EB-65CAFC2A1ABD}.Debug|Any CPU.Deploy.0 = Debug|Any CPU
		{D35BB284-8DED-47A7-A4EB-65CAFC2A1ABD}.Debug|ARM.ActiveCfg = Debug|ARM
		{D35BB284-8DED-47A7-A4EB-65CAFC2A1ABD}.Debug|ARM.Build.0 = Debug|ARM
		{D35BB284-8DED-47A7-A4EB-65CAFC2A1ABD}.Debug|ARM.Deploy.0 = Debug|ARM
		{D35BB284-8DED-47A7-A4EB-65CAFC2A1ABD}.Debug|x64.ActiveCfg = Debug|x64
		{D35BB284-8DED-47A7-A4EB-65CAFC2A1ABD}.Debug|x64.Build.0 = Debug|x64
		{D35BB284-8DED-47A7-A4EB-65CAFC2A1ABD}.Debug|x64.Deploy.0 = Debug|x64
		{D35BB284-8DED-47A7-A4EB-65CAFC2A1ABD}.Debug|x86.ActiveCfg = Debug|x86
		{D35BB284-8DED-47A7-A4EB-65CAFC2A1ABD}.Debug|x86.Build.0 = Debug|x86
		{D35BB284-8DED-47A7-A4EB-65CAFC2A1ABD}.Debug|x86.Deploy.0 = Debug|x86
		{D35BB284-8DED-47A7-A4EB-65CAFC2A1ABD}.Release|Any CPU.ActiveCfg = Release|Any CPU
		{D35BB284-8DED-47A7-A4EB-65CAFC2A1ABD}.Release|Any CPU.Build.0 = Release|Any CPU
		{D35BB284-8DED-47A7-A4EB-65CAFC2A1ABD}.Release|Any CPU.Deploy.0 = Release|Any CPU
		{D35BB284-8DED-47A7-A4EB-65CAFC2A1ABD}.Release|ARM.ActiveCfg = Release|ARM
		{D35BB284-8DED-47A7-A4EB-65CAFC2A1ABD}.Release|ARM.Build.0 = Release|ARM
		{D35BB284-8DED-47A7-A4EB-65CAFC2A1ABD}.Release|ARM.Deploy.0 = Release|ARM
		{D35BB284-8DED-47A7-A4EB-65CAFC2A1ABD}.Release|x64.ActiveCfg = Release|x64
		{D35BB284-8DED-47A7-A4EB-65CAFC2A1ABD}.Release|x64.Build.0 = Release|x64
		{D35BB284-8DED-47A7-A4EB-65CAFC2A1ABD}.Release|x64.Deploy.0 = Release|x64
		{D35BB284-8DED-47A7-A4EB-65CAFC2A1ABD}.Release|x86.ActiveCfg = Release|x86
		{D35BB284-8DED-47A7-A4EB-65CAFC2A1ABD}.Release|x86.Build.0 = Release|x86
		{D35BB284-8DED-47A7-A4EB-65CAFC2A1ABD}.Release|x86.Deploy.0 = Release|x86
		{302ACDE4-76E7-47A0-9291-A7D75E263E7B}.Debug|Any CPU.ActiveCfg = Debug|Any CPU
		{302ACDE4-76E7-47A0-9291-A7D75E263E7B}.Debug|Any CPU.Build.0 = Debug|Any CPU
		{302ACDE4-76E7-47A0-9291-A7D75E263E7B}.Debug|ARM.ActiveCfg = Debug|Any CPU
		{302ACDE4-76E7-47A0-9291-A7D75E263E7B}.Debug|ARM.Build.0 = Debug|Any CPU
		{302ACDE4-76E7-47A0-9291-A7D75E263E7B}.Debug|x64.ActiveCfg = Debug|Any CPU
		{302ACDE4-76E7-47A0-9291-A7D75E263E7B}.Debug|x64.Build.0 = Debug|Any CPU
		{302ACDE4-76E7-47A0-9291-A7D75E263E7B}.Debug|x86.ActiveCfg = Debug|Any CPU
		{302ACDE4-76E7-47A0-9291-A7D75E263E7B}.Debug|x86.Build.0 = Debug|Any CPU
		{302ACDE4-76E7-47A0-9291-A7D75E263E7B}.Release|Any CPU.ActiveCfg = Release|Any CPU
		{302ACDE4-76E7-47A0-9291-A7D75E263E7B}.Release|Any CPU.Build.0 = Release|Any CPU
		{302ACDE4-76E7-47A0-9291-A7D75E263E7B}.Release|ARM.ActiveCfg = Release|Any CPU
		{302ACDE4-76E7-47A0-9291-A7D75E263E7B}.Release|ARM.Build.0 = Release|Any CPU
		{302ACDE4-76E7-47A0-9291-A7D75E263E7B}.Release|x64.ActiveCfg = Release|Any CPU
		{302ACDE4-76E7-47A0-9291-A7D75E263E7B}.Release|x64.Build.0 = Release|Any CPU
		{302ACDE4-76E7-47A0-9291-A7D75E263E7B}.Release|x86.ActiveCfg = Release|Any CPU
		{302ACDE4-76E7-47A0-9291-A7D75E263E7B}.Release|x86.Build.0 = Release|Any CPU
	EndGlobalSection
	GlobalSection(SolutionProperties) = preSolution
		HideSolutionNode = FALSE
	EndGlobalSection
EndGlobal
